// !$*UTF8*$!
{
	archiveVersion = 1;
	classes = {
	};
	objectVersion = 55;
	objects = {

/* Begin PBXBuildFile section */
		D31F00022974FCC0005272B7 /* CategoyViewConttroler.swift in Sources */ = {isa = PBXBuildFile; fileRef = D31F00012974FCC0005272B7 /* CategoyViewConttroler.swift */; };
		D31F00052974FCDE005272B7 /* MobileCollectionViewCell.swift in Sources */ = {isa = PBXBuildFile; fileRef = D31F00032974FCDE005272B7 /* MobileCollectionViewCell.swift */; };
		D31F00062974FCDE005272B7 /* MobileCollectionViewCell.xib in Resources */ = {isa = PBXBuildFile; fileRef = D31F00042974FCDE005272B7 /* MobileCollectionViewCell.xib */; };
		D31FFFE82974F769005272B7 /* AppDelegate.swift in Sources */ = {isa = PBXBuildFile; fileRef = D31FFFE72974F769005272B7 /* AppDelegate.swift */; };
		D31FFFEA2974F769005272B7 /* SceneDelegate.swift in Sources */ = {isa = PBXBuildFile; fileRef = D31FFFE92974F769005272B7 /* SceneDelegate.swift */; };
		D31FFFEF2974F769005272B7 /* Main.storyboard in Resources */ = {isa = PBXBuildFile; fileRef = D31FFFED2974F769005272B7 /* Main.storyboard */; };
		D31FFFF12974F76A005272B7 /* Assets.xcassets in Resources */ = {isa = PBXBuildFile; fileRef = D31FFFF02974F76A005272B7 /* Assets.xcassets */; };
		D31FFFF42974F76A005272B7 /* LaunchScreen.storyboard in Resources */ = {isa = PBXBuildFile; fileRef = D31FFFF22974F76A005272B7 /* LaunchScreen.storyboard */; };
/* End PBXBuildFile section */

/* Begin PBXFileReference section */
		D31F00012974FCC0005272B7 /* CategoyViewConttroler.swift */ = {isa = PBXFileReference; lastKnownFileType = sourcecode.swift; path = CategoyViewConttroler.swift; sourceTree = "<group>"; };
		D31F00032974FCDE005272B7 /* MobileCollectionViewCell.swift */ = {isa = PBXFileReference; lastKnownFileType = sourcecode.swift; name = MobileCollectionViewCell.swift; path = ../../MobileCollectionViewCell.swift; sourceTree = "<group>"; };
		D31F00042974FCDE005272B7 /* MobileCollectionViewCell.xib */ = {isa = PBXFileReference; lastKnownFileType = file.xib; name = MobileCollectionViewCell.xib; path = ../../MobileCollectionViewCell.xib; sourceTree = "<group>"; };
		D31FFFE42974F769005272B7 /* CollecationView.app */ = {isa = PBXFileReference; explicitFileType = wrapper.application; includeInIndex = 0; path = CollecationView.app; sourceTree = BUILT_PRODUCTS_DIR; };
		D31FFFE72974F769005272B7 /* AppDelegate.swift */ = {isa = PBXFileReference; lastKnownFileType = sourcecode.swift; path = AppDelegate.swift; sourceTree = "<group>"; };
		D31FFFE92974F769005272B7 /* SceneDelegate.swift */ = {isa = PBXFileReference; lastKnownFileType = sourcecode.swift; path = SceneDelegate.swift; sourceTree = "<group>"; };
		D31FFFEE2974F769005272B7 /* Base */ = {isa = PBXFileReference; lastKnownFileType = file.storyboard; name = Base; path = Base.lproj/Main.storyboard; sourceTree = "<group>"; };
		D31FFFF02974F76A005272B7 /* Assets.xcassets */ = {isa = PBXFileReference; lastKnownFileType = folder.assetcatalog; path = Assets.xcassets; sourceTree = "<group>"; };
		D31FFFF32974F76A005272B7 /* Base */ = {isa = PBXFileReference; lastKnownFileType = file.storyboard; name = Base; path = Base.lproj/LaunchScreen.storyboard; sourceTree = "<group>"; };
		D31FFFF52974F76A005272B7 /* Info.plist */ = {isa = PBXFileReference; lastKnownFileType = text.plist.xml; path = Info.plist; sourceTree = "<group>"; };
/* End PBXFileReference section */

/* Begin PBXFrameworksBuildPhase section */
		D31FFFE12974F769005272B7 /* Frameworks */ = {
			isa = PBXFrameworksBuildPhase;
			buildActionMask = 2147483647;
			files = (
			);
			runOnlyForDeploymentPostprocessing = 0;
		};
/* End PBXFrameworksBuildPhase section */

/* Begin PBXGroup section */
		D31FFFDB2974F769005272B7 = {
			isa = PBXGroup;
			children = (
				D31FFFE62974F769005272B7 /* CollecationView */,
				D31FFFE52974F769005272B7 /* Products */,
			);
			sourceTree = "<group>";
		};
		D31FFFE52974F769005272B7 /* Products */ = {
			isa = PBXGroup;
			children = (
				D31FFFE42974F769005272B7 /* CollecationView.app */,
			);
			name = Products;
			sourceTree = "<group>";
		};
		D31FFFE62974F769005272B7 /* CollecationView */ = {
			isa = PBXGroup;
			children = (
				D31FFFE72974F769005272B7 /* AppDelegate.swift */,
				D31FFFE92974F769005272B7 /* SceneDelegate.swift */,
				D31F00012974FCC0005272B7 /* CategoyViewConttroler.swift */,
				D31F00032974FCDE005272B7 /* MobileCollectionViewCell.swift */,
				D31F00042974FCDE005272B7 /* MobileCollectionViewCell.xib */,
				D31FFFED2974F769005272B7 /* Main.storyboard */,
				D31FFFF02974F76A005272B7 /* Assets.xcassets */,
				D31FFFF22974F76A005272B7 /* LaunchScreen.storyboard */,
				D31FFFF52974F76A005272B7 /* Info.plist */,
			);
			path = CollecationView;
			sourceTree = "<group>";
		};
/* End PBXGroup section */

/* Begin PBXNativeTarget section */
		D31FFFE32974F769005272B7 /* CollecationView */ = {
			isa = PBXNativeTarget;
			buildConfigurationList = D31FFFF82974F76A005272B7 /* Build configuration list for PBXNativeTarget "CollecationView" */;
			buildPhases = (
				D31FFFE02974F769005272B7 /* Sources */,
				D31FFFE12974F769005272B7 /* Frameworks */,
				D31FFFE22974F769005272B7 /* Resources */,
			);
			buildRules = (
			);
			dependencies = (
			);
			name = CollecationView;
			productName = CollecationView;
			productReference = D31FFFE42974F769005272B7 /* CollecationView.app */;
			productType = "com.apple.product-type.application";
		};
/* End PBXNativeTarget section */

/* Begin PBXProject section */
		D31FFFDC2974F769005272B7 /* Project object */ = {
			isa = PBXProject;
			attributes = {
				BuildIndependentTargetsInParallel = 1;
				LastSwiftUpdateCheck = 1300;
				LastUpgradeCheck = 1300;
				TargetAttributes = {
					D31FFFE32974F769005272B7 = {
						CreatedOnToolsVersion = 13.0;
					};
				};
			};
			buildConfigurationList = D31FFFDF2974F769005272B7 /* Build configuration list for PBXProject "CollecationView" */;
			compatibilityVersion = "Xcode 13.0";
			developmentRegion = en;
			hasScannedForEncodings = 0;
			knownRegions = (
				en,
				Base,
			);
			mainGroup = D31FFFDB2974F769005272B7;
			productRefGroup = D31FFFE52974F769005272B7 /* Products */;
			projectDirPath = "";
			projectRoot = "";
			targets = (
				D31FFFE32974F769005272B7 /* CollecationView */,
			);
		};
/* End PBXProject section */

/* Begin PBXResourcesBuildPhase section */
		D31FFFE22974F769005272B7 /* Resources */ = {
			isa = PBXResourcesBuildPhase;
			buildActionMask = 2147483647;
			files = (
				D31F00062974FCDE005272B7 /* MobileCollectionViewCell.xib in Resources */,
				D31FFFF42974F76A005272B7 /* LaunchScreen.storyboard in Resources */,
				D31FFFF12974F76A005272B7 /* Assets.xcassets in Resources */,
				D31FFFEF2974F769005272B7 /* Main.storyboard in Resources */,
			);
			runOnlyForDeploymentPostprocessing = 0;
		};
/* End PBXResourcesBuildPhase section */

/* Begin PBXSourcesBuildPhase section */
		D31FFFE02974F769005272B7 /* Sources */ = {
			isa = PBXSourcesBuildPhase;
			buildActionMask = 2147483647;
			files = (
				D31F00052974FCDE005272B7 /* MobileCollectionViewCell.swift in Sources */,
				D31F00022974FCC0005272B7 /* CategoyViewConttroler.swift in Sources */,
				D31FFFE82974F769005272B7 /* AppDelegate.swift in Sources */,
				D31FFFEA2974F769005272B7 /* SceneDelegate.swift in Sources */,
			);
			runOnlyForDeploymentPostprocessing = 0;
		};
/* End PBXSourcesBuildPhase section */

/* Begin PBXVariantGroup section */
		D31FFFED2974F769005272B7 /* Main.storyboard */ = {
			isa = PBXVariantGroup;
			children = (
				D31FFFEE2974F769005272B7 /* Base */,
			);
			name = Main.storyboard;
			sourceTree = "<group>";
		};
		D31FFFF22974F76A005272B7 /* LaunchScreen.storyboard */ = {
			isa = PBXVariantGroup;
			children = (
				D31FFFF32974F76A005272B7 /* Base */,
			);
			name = LaunchScreen.storyboard;
			sourceTree = "<group>";
		};
/* End PBXVariantGroup section */

/* Begin XCBuildConfiguration section */
		D31FFFF62974F76A005272B7 /* Debug */ = {
			isa = XCBuildConfiguration;
			buildSettings = {
				ALWAYS_SEARCH_USER_PATHS = NO;
				CLANG_ANALYZER_NONNULL = YES;
				CLANG_ANALYZER_NUMBER_OBJECT_CONVERSION = YES_AGGRESSIVE;
				CLANG_CXX_LANGUAGE_STANDARD = "gnu++17";
				CLANG_CXX_LIBRARY = "libc++";
				CLANG_ENABLE_MODULES = YES;
				CLANG_ENABLE_OBJC_ARC = YES;
				CLANG_ENABLE_OBJC_WEAK = YES;
				CLANG_WARN_BLOCK_CAPTURE_AUTORELEASING = YES;
				CLANG_WARN_BOOL_CONVERSION = YES;
				CLANG_WARN_COMMA = YES;
				CLANG_WARN_CONSTANT_CONVERSION = YES;
				CLANG_WARN_DEPRECATED_OBJC_IMPLEMENTATIONS = YES;
				CLANG_WARN_DIRECT_OBJC_ISA_USAGE = YES_ERROR;
				CLANG_WARN_DOCUMENTATION_COMMENTS = YES;
				CLANG_WARN_EMPTY_BODY = YES;
				CLANG_WARN_ENUM_CONVERSION = YES;
				CLANG_WARN_INFINITE_RECURSION = YES;
				CLANG_WARN_INT_CONVERSION = YES;
				CLANG_WARN_NON_LITERAL_NULL_CONVERSION = YES;
				CLANG_WARN_OBJC_IMPLICIT_RETAIN_SELF = YES;
				CLANG_WARN_OBJC_LITERAL_CONVERSION = YES;
				CLANG_WARN_OBJC_ROOT_CLASS = YES_ERROR;
				CLANG_WARN_QUOTED_INCLUDE_IN_FRAMEWORK_HEADER = YES;
				CLANG_WARN_RANGE_LOOP_ANALYSIS = YES;
				CLANG_WARN_STRICT_PROTOTYPES = YES;
				CLANG_WARN_SUSPICIOUS_MOVE = YES;
				CLANG_WARN_UNGUARDED_AVAILABILITY = YES_AGGRESSIVE;
				CLANG_WARN_UNREACHABLE_CODE = YES;
				CLANG_WARN__DUPLICATE_METHOD_MATCH = YES;
				COPY_PHASE_STRIP = NO;
				DEBUG_INFORMATION_FORMAT = dwarf;
				ENABLE_STRICT_OBJC_MSGSEND = YES;
				ENABLE_TESTABILITY = YES;
				GCC_C_LANGUAGE_STANDARD = gnu11;
				GCC_DYNAMIC_NO_PIC = NO;
				GCC_NO_COMMON_BLOCKS = YES;
				GCC_OPTIMIZATION_LEVEL = 0;
				GCC_PREPROCESSOR_DEFINITIONS = (
					"DEBUG=1",
					"$(inherited)",
				);
				GCC_WARN_64_TO_32_BIT_CONVERSION = YES;
				GCC_WARN_ABOUT_RETURN_TYPE = YES_ERROR;
				GCC_WARN_UNDECLARED_SELECTOR = YES;
				GCC_WARN_UNINITIALIZED_AUTOS = YES_AGGRESSIVE;
				GCC_WARN_UNUSED_FUNCTION = YES;
				GCC_WARN_UNUSED_VARIABLE = YES;
				IPHONEOS_DEPLOYMENT_TARGET = 15.0;
				MTL_ENABLE_DEBUG_INFO = INCLUDE_SOURCE;
				MTL_FAST_MATH = YES;
				ONLY_ACTIVE_ARCH = YES;
				SDKROOT = iphoneos;
				SWIFT_ACTIVE_COMPILATION_CONDITIONS = DEBUG;
				SWIFT_OPTIMIZATION_LEVEL = "-Onone";
			};
			name = Debug;
		};
		D31FFFF72974F76A005272B7 /* Release */ = {
			isa = XCBuildConfiguration;
			buildSettings = {
				ALWAYS_SEARCH_USER_PATHS = NO;
				CLANG_ANALYZER_NONNULL = YES;
				CLANG_ANALYZER_NUMBER_OBJECT_CONVERSION = YES_AGGRESSIVE;
				CLANG_CXX_LANGUAGE_STANDARD = "gnu++17";
				CLANG_CXX_LIBRARY = "libc++";
				CLANG_ENABLE_MODULES = YES;
				CLANG_ENABLE_OBJC_ARC = YES;
				CLANG_ENABLE_OBJC_WEAK = YES;
				CLANG_WARN_BLOCK_CAPTURE_AUTORELEASING = YES;
				CLANG_WARN_BOOL_CONVERSION = YES;
				CLANG_WARN_COMMA = YES;
				CLANG_WARN_CONSTANT_CONVERSION = YES;
				CLANG_WARN_DEPRECATED_OBJC_IMPLEMENTATIONS = YES;
				CLANG_WARN_DIRECT_OBJC_ISA_USAGE = YES_ERROR;
				CLANG_WARN_DOCUMENTATION_COMMENTS = YES;
				CLANG_WARN_EMPTY_BODY = YES;
				CLANG_WARN_ENUM_CONVERSION = YES;
				CLANG_WARN_INFINITE_RECURSION = YES;
				CLANG_WARN_INT_CONVERSION = YES;
				CLANG_WARN_NON_LITERAL_NULL_CONVERSION = YES;
				CLANG_WARN_OBJC_IMPLICIT_RETAIN_SELF = YES;
				CLANG_WARN_OBJC_LITERAL_CONVERSION = YES;
				CLANG_WARN_OBJC_ROOT_CLASS = YES_ERROR;
				CLANG_WARN_QUOTED_INCLUDE_IN_FRAMEWORK_HEADER = YES;
				CLANG_WARN_RANGE_LOOP_ANALYSIS = YES;
				CLANG_WARN_STRICT_PROTOTYPES = YES;
				CLANG_WARN_SUSPICIOUS_MOVE = YES;
				CLANG_WARN_UNGUARDED_AVAILABILITY = YES_AGGRESSIVE;
				CLANG_WARN_UNREACHABLE_CODE = YES;
				CLANG_WARN__DUPLICATE_METHOD_MATCH = YES;
				COPY_PHASE_STRIP = NO;
				DEBUG_INFORMATION_FORMAT = "dwarf-with-dsym";
				ENABLE_NS_ASSERTIONS = NO;
				ENABLE_STRICT_OBJC_MSGSEND = YES;
				GCC_C_LANGUAGE_STANDARD = gnu11;
				GCC_NO_COMMON_BLOCKS = YES;
				GCC_WARN_64_TO_32_BIT_CONVERSION = YES;
				GCC_WARN_ABOUT_RETURN_TYPE = YES_ERROR;
				GCC_WARN_UNDECLARED_SELECTOR = YES;
				GCC_WARN_UNINITIALIZED_AUTOS = YES_AGGRESSIVE;
				GCC_WARN_UNUSED_FUNCTION = YES;
				GCC_WARN_UNUSED_VARIABLE = YES;
				IPHONEOS_DEPLOYMENT_TARGET = 15.0;
				MTL_ENABLE_DEBUG_INFO = NO;
				MTL_FAST_MATH = YES;
				SDKROOT = iphoneos;
				SWIFT_COMPILATION_MODE = wholemodule;
				SWIFT_OPTIMIZATION_LEVEL = "-O";
				VALIDATE_PRODUCT = YES;
			};
			name = Release;
		};
		D31FFFF92974F76A005272B7 /* Debug */ = {
			isa = XCBuildConfiguration;
			buildSettings = {
				ASSETCATALOG_COMPILER_APPICON_NAME = AppIcon;
				ASSETCATALOG_COMPILER_GLOBAL_ACCENT_COLOR_NAME = AccentColor;
				CODE_SIGN_STYLE = Automatic;
				CURRENT_PROJECT_VERSION = 1;
				GENERATE_INFOPLIST_FILE = YES;
				INFOPLIST_FILE = CollecationView/Info.plist;
				INFOPLIST_KEY_UIApplicationSupportsIndirectInputEvents = YES;
				INFOPLIST_KEY_UILaunchStoryboardName = LaunchScreen;
				INFOPLIST_KEY_UIMainStoryboardFile = Main;
				INFOPLIST_KEY_UISupportedInterfaceOrientations_iPad = "UIInterfaceOrientationPortrait UIInterfaceOrientationPortraitUpsideDown UIInterfaceOrientationLandscapeLeft UIInterfaceOrientationLandscapeRight";
				INFOPLIST_KEY_UISupportedInterfaceOrientations_iPhone = "UIInterfaceOrientationPortrait UIInterfaceOrientationLandscapeLeft UIInterfaceOrientationLandscapeRight";
				LD_RUNPATH_SEARCH_PATHS = (
					"$(inherited)",
					"@executable_path/Frameworks",
				);
				MARKETING_VERSION = 1.0;
				PRODUCT_BUNDLE_IDENTIFIER = com.rnw.CollecationView;
				PRODUCT_NAME = "$(TARGET_NAME)";
				SWIFT_EMIT_LOC_STRINGS = YES;
				SWIFT_VERSION = 5.0;
				TARGETED_DEVICE_FAMILY = "1,2";
			};
			name = Debug;
		};
		D31FFFFA2974F76A005272B7 /* Release */ = {
			isa = XCBuildConfiguration;
			buildSettings = {
				ASSETCATALOG_COMPILER_APPICON_NAME = AppIcon;
				ASSETCATALOG_COMPILER_GLOBAL_ACCENT_COLOR_NAME = AccentColor;
				CODE_SIGN_STYLE = Automatic;
				CURRENT_PROJECT_VERSION = 1;
				GENERATE_INFOPLIST_FILE = YES;
				INFOPLIST_FILE = CollecationView/Info.plist;
				INFOPLIST_KEY_UIApplicationSupportsIndirectInputEvents = YES;
				INFOPLIST_KEY_UILaunchStoryboardName = LaunchScreen;
				INFOPLIST_KEY_UIMainStoryboardFile = Main;
				INFOPLIST_KEY_UISupportedInterfaceOrientations_iPad = "UIInterfaceOrientationPortrait UIInterfaceOrientationPortraitUpsideDown UIInterfaceOrientationLandscapeLeft UIInterfaceOrientationLandscapeRight";
				INFOPLIST_KEY_UISupportedInterfaceOrientations_iPhone = "UIInterfaceOrientationPortrait UIInterfaceOrientationLandscapeLeft UIInterfaceOrientationLandscapeRight";
				LD_RUNPATH_SEARCH_PATHS = (
					"$(inherited)",
					"@executable_path/Frameworks",
				);
				MARKETING_VERSION = 1.0;
				PRODUCT_BUNDLE_IDENTIFIER = com.rnw.CollecationView;
				PRODUCT_NAME = "$(TARGET_NAME)";
				SWIFT_EMIT_LOC_STRINGS = YES;
				SWIFT_VERSION = 5.0;
				TARGETED_DEVICE_FAMILY = "1,2";
			};
			name = Release;
		};
/* End XCBuildConfiguration section */

/* Begin XCConfigurationList section */
		D31FFFDF2974F769005272B7 /* Build configuration list for PBXProject "CollecationView" */ = {
			isa = XCConfigurationList;
			buildConfigurations = (
				D31FFFF62974F76A005272B7 /* Debug */,
				D31FFFF72974F76A005272B7 /* Release */,
			);
			defaultConfigurationIsVisible = 0;
			defaultConfigurationName = Release;
		};
		D31FFFF82974F76A005272B7 /* Build configuration list for PBXNativeTarget "CollecationView" */ = {
			isa = XCConfigurationList;
			buildConfigurations = (
				D31FFFF92974F76A005272B7 /* Debug */,
				D31FFFFA2974F76A005272B7 /* Release */,
			);
			defaultConfigurationIsVisible = 0;
			defaultConfigurationName = Release;
		};
/* End XCConfigurationList section */
	};
	rootObject = D31FFFDC2974F769005272B7 /* Project object */;
}
